
Microsoft Visual Studio Solution File, Format Version 12.00
# Visual Studio 15
VisualStudioVersion = 15.0.28307.329
MinimumVisualStudioVersion = 10.0.40219.1
Project("{FAE04EC0-301F-11D3-BF4B-00C04F79EFBC}") = "Задание 3", "Задание 3\Задание 3.csproj", "{05BFBD5C-0652-4B22-94D5-90409E7C5A54}"
EndProject
Global
	GlobalSection(SolutionConfigurationPlatforms) = preSolution
		Debug|Any CPU = Debug|Any CPU
		Release|Any CPU = Release|Any CPU
	EndGlobalSection
	GlobalSection(ProjectConfigurationPlatforms) = postSolution
		{05BFBD5C-0652-4B22-94D5-90409E7C5A54}.Debug|Any CPU.ActiveCfg = Debug|Any CPU
		{05BFBD5C-0652-4B22-94D5-90409E7C5A54}.Debug|Any CPU.Build.0 = Debug|Any CPU
		{05BFBD5C-0652-4B22-94D5-90409E7C5A54}.Release|Any CPU.ActiveCfg = Release|Any CPU
		{05BFBD5C-0652-4B22-94D5-90409E7C5A54}.Release|Any CPU.Build.0 = Release|Any CPU
	EndGlobalSection
	GlobalSection(SolutionProperties) = preSolution
		HideSolutionNode = FALSE
	EndGlobalSection
	GlobalSection(ExtensibilityGlobals) = postSolution
		SolutionGuid = {131B07AA-04F1-4034-BF4F-C0BECF42B5F5}
	EndGlobalSection
EndGlobal
