
Microsoft Visual Studio Solution File, Format Version 12.00
# Visual Studio 15
VisualStudioVersion = 15.0.28307.329
MinimumVisualStudioVersion = 10.0.40219.1
Project("{FAE04EC0-301F-11D3-BF4B-00C04F79EFBC}") = "Задание 2", "Задание 2\Задание 2.csproj", "{AF191A2A-0A63-498C-8C80-B0AD747105AB}"
EndProject
Global
	GlobalSection(SolutionConfigurationPlatforms) = preSolution
		Debug|Any CPU = Debug|Any CPU
		Release|Any CPU = Release|Any CPU
	EndGlobalSection
	GlobalSection(ProjectConfigurationPlatforms) = postSolution
		{AF191A2A-0A63-498C-8C80-B0AD747105AB}.Debug|Any CPU.ActiveCfg = Debug|Any CPU
		{AF191A2A-0A63-498C-8C80-B0AD747105AB}.Debug|Any CPU.Build.0 = Debug|Any CPU
		{AF191A2A-0A63-498C-8C80-B0AD747105AB}.Release|Any CPU.ActiveCfg = Release|Any CPU
		{AF191A2A-0A63-498C-8C80-B0AD747105AB}.Release|Any CPU.Build.0 = Release|Any CPU
	EndGlobalSection
	GlobalSection(SolutionProperties) = preSolution
		HideSolutionNode = FALSE
	EndGlobalSection
	GlobalSection(ExtensibilityGlobals) = postSolution
		SolutionGuid = {4C68C773-048B-48DC-92E2-FBDF80677C9E}
	EndGlobalSection
EndGlobal
